
Microsoft Visual Studio Solution File, Format Version 12.00
# Visual Studio Version 17
VisualStudioVersion = 17.7.34031.279
MinimumVisualStudioVersion = 10.0.40219.1
Project("{FAE04EC0-301F-11D3-BF4B-00C04F79EFBC}") = "TicketReservationSystem", "TicketReservationSystem\TicketReservationSystem.csproj", "{05DE3C1F-C45B-494E-B446-D589F77E5F40}"
EndProject
Global
	GlobalSection(SolutionConfigurationPlatforms) = preSolution
		Debug|Any CPU = Debug|Any CPU
		Release|Any CPU = Release|Any CPU
	EndGlobalSection
	GlobalSection(ProjectConfigurationPlatforms) = postSolution
		{05DE3C1F-C45B-494E-B446-D589F77E5F40}.Debug|Any CPU.ActiveCfg = Debug|Any CPU
		{05DE3C1F-C45B-494E-B446-D589F77E5F40}.Debug|Any CPU.Build.0 = Debug|Any CPU
		{05DE3C1F-C45B-494E-B446-D589F77E5F40}.Release|Any CPU.ActiveCfg = Release|Any CPU
		{05DE3C1F-C45B-494E-B446-D589F77E5F40}.Release|Any CPU.Build.0 = Release|Any CPU
	EndGlobalSection
	GlobalSection(SolutionProperties) = preSolution
		HideSolutionNode = FALSE
	EndGlobalSection
	GlobalSection(ExtensibilityGlobals) = postSolution
		SolutionGuid = {FED23706-A258-47D5-B57A-EAB9929CEBA2}
	EndGlobalSection
EndGlobal
